// !$*UTF8*$!
{
	archiveVersion = 1;
	classes = {
	};
	objectVersion = 48;
	objects = {

/* Begin PBXBuildFile section */
		4C00DCBC1F0754CB0087470C /* AppDelegate.swift in Sources */ = {isa = PBXBuildFile; fileRef = 4C00DCBB1F0754CB0087470C /* AppDelegate.swift */; };
		4C00DCBE1F0754CB0087470C /* art.scnassets in Resources */ = {isa = PBXBuildFile; fileRef = 4C00DCBD1F0754CB0087470C /* art.scnassets */; };
		4C00DCC01F0754CB0087470C /* ARViewController.swift in Sources */ = {isa = PBXBuildFile; fileRef = 4C00DCBF1F0754CB0087470C /* ARViewController.swift */; };
		4C00DCC31F0754CB0087470C /* Main.storyboard in Resources */ = {isa = PBXBuildFile; fileRef = 4C00DCC11F0754CB0087470C /* Main.storyboard */; };
		4C00DCC51F0754CB0087470C /* Assets.xcassets in Resources */ = {isa = PBXBuildFile; fileRef = 4C00DCC41F0754CB0087470C /* Assets.xcassets */; };
		4C00DCC81F0754CB0087470C /* LaunchScreen.storyboard in Resources */ = {isa = PBXBuildFile; fileRef = 4C00DCC61F0754CB0087470C /* LaunchScreen.storyboard */; };
		4C00DCD31F0754CB0087470C /* MusicARTests.swift in Sources */ = {isa = PBXBuildFile; fileRef = 4C00DCD21F0754CB0087470C /* MusicARTests.swift */; };
		4C00DCDE1F0754CB0087470C /* MusicARUITests.swift in Sources */ = {isa = PBXBuildFile; fileRef = 4C00DCDD1F0754CB0087470C /* MusicARUITests.swift */; };
		4C6365DB1F15EC2200AAF6A9 /* Assets.xcassets in Resources */ = {isa = PBXBuildFile; fileRef = 4C6365D91F15EC2200AAF6A9 /* Assets.xcassets */; };
		4C8DED671F0763DC00E588A1 /* IntroViewController.swift in Sources */ = {isa = PBXBuildFile; fileRef = 4C8DED661F0763DC00E588A1 /* IntroViewController.swift */; };
		4C8DED771F078BA700E588A1 /* MCMusicGrid.swift in Sources */ = {isa = PBXBuildFile; fileRef = 4C8DED761F078BA700E588A1 /* MCMusicGrid.swift */; };
		4CD37CCD1F07555300B60B9D /* MCMusicItem.swift in Sources */ = {isa = PBXBuildFile; fileRef = 4CD37CCC1F07555300B60B9D /* MCMusicItem.swift */; };
/* End PBXBuildFile section */

/* Begin PBXContainerItemProxy section */
		4C00DCCF1F0754CB0087470C /* PBXContainerItemProxy */ = {
			isa = PBXContainerItemProxy;
			containerPortal = 4C00DCB01F0754CB0087470C /* Project object */;
			proxyType = 1;
			remoteGlobalIDString = 4C00DCB71F0754CB0087470C;
			remoteInfo = MusicAR;
		};
		4C00DCDA1F0754CB0087470C /* PBXContainerItemProxy */ = {
			isa = PBXContainerItemProxy;
			containerPortal = 4C00DCB01F0754CB0087470C /* Project object */;
			proxyType = 1;
			remoteGlobalIDString = 4C00DCB71F0754CB0087470C;
			remoteInfo = MusicAR;
		};
/* End PBXContainerItemProxy section */

/* Begin PBXFileReference section */
		4C00DCB81F0754CB0087470C /* MusicAR.app */ = {isa = PBXFileReference; explicitFileType = wrapper.application; includeInIndex = 0; path = MusicAR.app; sourceTree = BUILT_PRODUCTS_DIR; };
		4C00DCBB1F0754CB0087470C /* AppDelegate.swift */ = {isa = PBXFileReference; lastKnownFileType = sourcecode.swift; path = AppDelegate.swift; sourceTree = "<group>"; };
		4C00DCBD1F0754CB0087470C /* art.scnassets */ = {isa = PBXFileReference; lastKnownFileType = wrapper.scnassets; path = art.scnassets; sourceTree = "<group>"; };
		4C00DCBF1F0754CB0087470C /* ARViewController.swift */ = {isa = PBXFileReference; lastKnownFileType = sourcecode.swift; path = ARViewController.swift; sourceTree = "<group>"; };
		4C00DCC21F0754CB0087470C /* Base */ = {isa = PBXFileReference; lastKnownFileType = file.storyboard; name = Base; path = Base.lproj/Main.storyboard; sourceTree = "<group>"; };
		4C00DCC41F0754CB0087470C /* Assets.xcassets */ = {isa = PBXFileReference; lastKnownFileType = folder.assetcatalog; path = Assets.xcassets; sourceTree = "<group>"; };
		4C00DCC71F0754CB0087470C /* Base */ = {isa = PBXFileReference; lastKnownFileType = file.storyboard; name = Base; path = Base.lproj/LaunchScreen.storyboard; sourceTree = "<group>"; };
		4C00DCC91F0754CB0087470C /* Info.plist */ = {isa = PBXFileReference; lastKnownFileType = text.plist.xml; path = Info.plist; sourceTree = "<group>"; };
		4C00DCCE1F0754CB0087470C /* MusicARTests.xctest */ = {isa = PBXFileReference; explicitFileType = wrapper.cfbundle; includeInIndex = 0; path = MusicARTests.xctest; sourceTree = BUILT_PRODUCTS_DIR; };
		4C00DCD21F0754CB0087470C /* MusicARTests.swift */ = {isa = PBXFileReference; lastKnownFileType = sourcecode.swift; path = MusicARTests.swift; sourceTree = "<group>"; };
		4C00DCD41F0754CB0087470C /* Info.plist */ = {isa = PBXFileReference; lastKnownFileType = text.plist.xml; path = Info.plist; sourceTree = "<group>"; };
		4C00DCD91F0754CB0087470C /* MusicARUITests.xctest */ = {isa = PBXFileReference; explicitFileType = wrapper.cfbundle; includeInIndex = 0; path = MusicARUITests.xctest; sourceTree = BUILT_PRODUCTS_DIR; };
		4C00DCDD1F0754CB0087470C /* MusicARUITests.swift */ = {isa = PBXFileReference; lastKnownFileType = sourcecode.swift; path = MusicARUITests.swift; sourceTree = "<group>"; };
		4C00DCDF1F0754CB0087470C /* Info.plist */ = {isa = PBXFileReference; lastKnownFileType = text.plist.xml; path = Info.plist; sourceTree = "<group>"; };
		4C6365D91F15EC2200AAF6A9 /* Assets.xcassets */ = {isa = PBXFileReference; lastKnownFileType = folder.assetcatalog; path = Assets.xcassets; sourceTree = "<group>"; };
		4C8DED661F0763DC00E588A1 /* IntroViewController.swift */ = {isa = PBXFileReference; lastKnownFileType = sourcecode.swift; path = IntroViewController.swift; sourceTree = "<group>"; };
		4C8DED761F078BA700E588A1 /* MCMusicGrid.swift */ = {isa = PBXFileReference; lastKnownFileType = sourcecode.swift; path = MCMusicGrid.swift; sourceTree = "<group>"; };
		4CD37CCC1F07555300B60B9D /* MCMusicItem.swift */ = {isa = PBXFileReference; lastKnownFileType = sourcecode.swift; path = MCMusicItem.swift; sourceTree = "<group>"; };
/* End PBXFileReference section */

/* Begin PBXFrameworksBuildPhase section */
		4C00DCB51F0754CB0087470C /* Frameworks */ = {
			isa = PBXFrameworksBuildPhase;
			buildActionMask = 2147483647;
			files = (
			);
			runOnlyForDeploymentPostprocessing = 0;
		};
		4C00DCCB1F0754CB0087470C /* Frameworks */ = {
			isa = PBXFrameworksBuildPhase;
			buildActionMask = 2147483647;
			files = (
			);
			runOnlyForDeploymentPostprocessing = 0;
		};
		4C00DCD61F0754CB0087470C /* Frameworks */ = {
			isa = PBXFrameworksBuildPhase;
			buildActionMask = 2147483647;
			files = (
			);
			runOnlyForDeploymentPostprocessing = 0;
		};
/* End PBXFrameworksBuildPhase section */

/* Begin PBXGroup section */
		4C00DCAF1F0754CB0087470C = {
			isa = PBXGroup;
			children = (
				4C6365D91F15EC2200AAF6A9 /* Assets.xcassets */,
				4C00DCBA1F0754CB0087470C /* MusicAR */,
				4C00DCD11F0754CB0087470C /* MusicARTests */,
				4C00DCDC1F0754CB0087470C /* MusicARUITests */,
				4C00DCB91F0754CB0087470C /* Products */,
			);
			sourceTree = "<group>";
		};
		4C00DCB91F0754CB0087470C /* Products */ = {
			isa = PBXGroup;
			children = (
				4C00DCB81F0754CB0087470C /* MusicAR.app */,
				4C00DCCE1F0754CB0087470C /* MusicARTests.xctest */,
				4C00DCD91F0754CB0087470C /* MusicARUITests.xctest */,
			);
			name = Products;
			sourceTree = "<group>";
		};
		4C00DCBA1F0754CB0087470C /* MusicAR */ = {
			isa = PBXGroup;
			children = (
				4C00DCBB1F0754CB0087470C /* AppDelegate.swift */,
				4C00DCBD1F0754CB0087470C /* art.scnassets */,
				4C00DCBF1F0754CB0087470C /* ARViewController.swift */,
				4C8DED661F0763DC00E588A1 /* IntroViewController.swift */,
				4CD37CCC1F07555300B60B9D /* MCMusicItem.swift */,
				4C8DED761F078BA700E588A1 /* MCMusicGrid.swift */,
				4C00DCC11F0754CB0087470C /* Main.storyboard */,
				4C00DCC41F0754CB0087470C /* Assets.xcassets */,
				4C00DCC61F0754CB0087470C /* LaunchScreen.storyboard */,
				4C00DCC91F0754CB0087470C /* Info.plist */,
			);
			path = MusicAR;
			sourceTree = "<group>";
		};
		4C00DCD11F0754CB0087470C /* MusicARTests */ = {
			isa = PBXGroup;
			children = (
				4C00DCD21F0754CB0087470C /* MusicARTests.swift */,
				4C00DCD41F0754CB0087470C /* Info.plist */,
			);
			path = MusicARTests;
			sourceTree = "<group>";
		};
		4C00DCDC1F0754CB0087470C /* MusicARUITests */ = {
			isa = PBXGroup;
			children = (
				4C00DCDD1F0754CB0087470C /* MusicARUITests.swift */,
				4C00DCDF1F0754CB0087470C /* Info.plist */,
			);
			path = MusicARUITests;
			sourceTree = "<group>";
		};
/* End PBXGroup section */

/* Begin PBXNativeTarget section */
		4C00DCB71F0754CB0087470C /* MusicAR */ = {
			isa = PBXNativeTarget;
			buildConfigurationList = 4C00DCE21F0754CB0087470C /* Build configuration list for PBXNativeTarget "MusicAR" */;
			buildPhases = (
				4C00DCB41F0754CB0087470C /* Sources */,
				4C00DCB51F0754CB0087470C /* Frameworks */,
				4C00DCB61F0754CB0087470C /* Resources */,
			);
			buildRules = (
			);
			dependencies = (
			);
			name = MusicAR;
			productName = MusicAR;
			productReference = 4C00DCB81F0754CB0087470C /* MusicAR.app */;
			productType = "com.apple.product-type.application";
		};
		4C00DCCD1F0754CB0087470C /* MusicARTests */ = {
			isa = PBXNativeTarget;
			buildConfigurationList = 4C00DCE51F0754CB0087470C /* Build configuration list for PBXNativeTarget "MusicARTests" */;
			buildPhases = (
				4C00DCCA1F0754CB0087470C /* Sources */,
				4C00DCCB1F0754CB0087470C /* Frameworks */,
				4C00DCCC1F0754CB0087470C /* Resources */,
			);
			buildRules = (
			);
			dependencies = (
				4C00DCD01F0754CB0087470C /* PBXTargetDependency */,
			);
			name = MusicARTests;
			productName = MusicARTests;
			productReference = 4C00DCCE1F0754CB0087470C /* MusicARTests.xctest */;
			productType = "com.apple.product-type.bundle.unit-test";
		};
		4C00DCD81F0754CB0087470C /* MusicARUITests */ = {
			isa = PBXNativeTarget;
			buildConfigurationList = 4C00DCE81F0754CB0087470C /* Build configuration list for PBXNativeTarget "MusicARUITests" */;
			buildPhases = (
				4C00DCD51F0754CB0087470C /* Sources */,
				4C00DCD61F0754CB0087470C /* Frameworks */,
				4C00DCD71F0754CB0087470C /* Resources */,
			);
			buildRules = (
			);
			dependencies = (
				4C00DCDB1F0754CB0087470C /* PBXTargetDependency */,
			);
			name = MusicARUITests;
			productName = MusicARUITests;
			productReference = 4C00DCD91F0754CB0087470C /* MusicARUITests.xctest */;
			productType = "com.apple.product-type.bundle.ui-testing";
		};
/* End PBXNativeTarget section */

/* Begin PBXProject section */
		4C00DCB01F0754CB0087470C /* Project object */ = {
			isa = PBXProject;
			attributes = {
				LastSwiftUpdateCheck = 0900;
				LastUpgradeCheck = 0900;
				ORGANIZATIONNAME = "Michael Coleman";
				TargetAttributes = {
					4C00DCB71F0754CB0087470C = {
						CreatedOnToolsVersion = 9.0;
					};
					4C00DCCD1F0754CB0087470C = {
						CreatedOnToolsVersion = 9.0;
						TestTargetID = 4C00DCB71F0754CB0087470C;
					};
					4C00DCD81F0754CB0087470C = {
						CreatedOnToolsVersion = 9.0;
						TestTargetID = 4C00DCB71F0754CB0087470C;
					};
				};
			};
			buildConfigurationList = 4C00DCB31F0754CB0087470C /* Build configuration list for PBXProject "MusicAR" */;
			compatibilityVersion = "Xcode 8.0";
			developmentRegion = en;
			hasScannedForEncodings = 0;
			knownRegions = (
				en,
				Base,
			);
			mainGroup = 4C00DCAF1F0754CB0087470C;
			productRefGroup = 4C00DCB91F0754CB0087470C /* Products */;
			projectDirPath = "";
			projectRoot = "";
			targets = (
				4C00DCB71F0754CB0087470C /* MusicAR */,
				4C00DCCD1F0754CB0087470C /* MusicARTests */,
				4C00DCD81F0754CB0087470C /* MusicARUITests */,
			);
		};
/* End PBXProject section */

/* Begin PBXResourcesBuildPhase section */
		4C00DCB61F0754CB0087470C /* Resources */ = {
			isa = PBXResourcesBuildPhase;
			buildActionMask = 2147483647;
			files = (
				4C00DCBE1F0754CB0087470C /* art.scnassets in Resources */,
				4C00DCC81F0754CB0087470C /* LaunchScreen.storyboard in Resources */,
				4C00DCC51F0754CB0087470C /* Assets.xcassets in Resources */,
				4C00DCC31F0754CB0087470C /* Main.storyboard in Resources */,
				4C6365DB1F15EC2200AAF6A9 /* Assets.xcassets in Resources */,
			);
			runOnlyForDeploymentPostprocessing = 0;
		};
		4C00DCCC1F0754CB0087470C /* Resources */ = {
			isa = PBXResourcesBuildPhase;
			buildActionMask = 2147483647;
			files = (
			);
			runOnlyForDeploymentPostprocessing = 0;
		};
		4C00DCD71F0754CB0087470C /* Resources */ = {
			isa = PBXResourcesBuildPhase;
			buildActionMask = 2147483647;
			files = (
			);
			runOnlyForDeploymentPostprocessing = 0;
		};
/* End PBXResourcesBuildPhase section */

/* Begin PBXSourcesBuildPhase section */
		4C00DCB41F0754CB0087470C /* Sources */ = {
			isa = PBXSourcesBuildPhase;
			buildActionMask = 2147483647;
			files = (
				4CD37CCD1F07555300B60B9D /* MCMusicItem.swift in Sources */,
				4C8DED771F078BA700E588A1 /* MCMusicGrid.swift in Sources */,
				4C00DCC01F0754CB0087470C /* ARViewController.swift in Sources */,
				4C00DCBC1F0754CB0087470C /* AppDelegate.swift in Sources */,
				4C8DED671F0763DC00E588A1 /* IntroViewController.swift in Sources */,
			);
			runOnlyForDeploymentPostprocessing = 0;
		};
		4C00DCCA1F0754CB0087470C /* Sources */ = {
			isa = PBXSourcesBuildPhase;
			buildActionMask = 2147483647;
			files = (
				4C00DCD31F0754CB0087470C /* MusicARTests.swift in Sources */,
			);
			runOnlyForDeploymentPostprocessing = 0;
		};
		4C00DCD51F0754CB0087470C /* Sources */ = {
			isa = PBXSourcesBuildPhase;
			buildActionMask = 2147483647;
			files = (
				4C00DCDE1F0754CB0087470C /* MusicARUITests.swift in Sources */,
			);
			runOnlyForDeploymentPostprocessing = 0;
		};
/* End PBXSourcesBuildPhase section */

/* Begin PBXTargetDependency section */
		4C00DCD01F0754CB0087470C /* PBXTargetDependency */ = {
			isa = PBXTargetDependency;
			target = 4C00DCB71F0754CB0087470C /* MusicAR */;
			targetProxy = 4C00DCCF1F0754CB0087470C /* PBXContainerItemProxy */;
		};
		4C00DCDB1F0754CB0087470C /* PBXTargetDependency */ = {
			isa = PBXTargetDependency;
			target = 4C00DCB71F0754CB0087470C /* MusicAR */;
			targetProxy = 4C00DCDA1F0754CB0087470C /* PBXContainerItemProxy */;
		};
/* End PBXTargetDependency section */

/* Begin PBXVariantGroup section */
		4C00DCC11F0754CB0087470C /* Main.storyboard */ = {
			isa = PBXVariantGroup;
			children = (
				4C00DCC21F0754CB0087470C /* Base */,
			);
			name = Main.storyboard;
			sourceTree = "<group>";
		};
		4C00DCC61F0754CB0087470C /* LaunchScreen.storyboard */ = {
			isa = PBXVariantGroup;
			children = (
				4C00DCC71F0754CB0087470C /* Base */,
			);
			name = LaunchScreen.storyboard;
			sourceTree = "<group>";
		};
/* End PBXVariantGroup section */

/* Begin XCBuildConfiguration section */
		4C00DCE01F0754CB0087470C /* Debug */ = {
			isa = XCBuildConfiguration;
			buildSettings = {
				ALWAYS_SEARCH_USER_PATHS = NO;
				CLANG_ANALYZER_NONNULL = YES;
				CLANG_ANALYZER_NUMBER_OBJECT_CONVERSION = YES_AGGRESSIVE;
				CLANG_CXX_LANGUAGE_STANDARD = "gnu++14";
				CLANG_CXX_LIBRARY = "libc++";
				CLANG_ENABLE_MODULES = YES;
				CLANG_ENABLE_OBJC_ARC = YES;
				CLANG_WARN_BLOCK_CAPTURE_AUTORELEASING = YES;
				CLANG_WARN_BOOL_CONVERSION = YES;
				CLANG_WARN_COMMA = YES;
				CLANG_WARN_CONSTANT_CONVERSION = YES;
				CLANG_WARN_DIRECT_OBJC_ISA_USAGE = YES_ERROR;
				CLANG_WARN_DOCUMENTATION_COMMENTS = YES;
				CLANG_WARN_EMPTY_BODY = YES;
				CLANG_WARN_ENUM_CONVERSION = YES;
				CLANG_WARN_INFINITE_RECURSION = YES;
				CLANG_WARN_INT_CONVERSION = YES;
				CLANG_WARN_OBJC_ROOT_CLASS = YES_ERROR;
				CLANG_WARN_RANGE_LOOP_ANALYSIS = YES;
				CLANG_WARN_STRICT_PROTOTYPES = YES;
				CLANG_WARN_SUSPICIOUS_MOVE = YES;
				CLANG_WARN_UNGUARDED_AVAILABILITY = YES_AGGRESSIVE;
				CLANG_WARN_UNREACHABLE_CODE = YES;
				CLANG_WARN__DUPLICATE_METHOD_MATCH = YES;
				CODE_SIGN_IDENTITY = "iPhone Developer";
				COPY_PHASE_STRIP = NO;
				DEBUG_INFORMATION_FORMAT = dwarf;
				ENABLE_STRICT_OBJC_MSGSEND = YES;
				ENABLE_TESTABILITY = YES;
				GCC_C_LANGUAGE_STANDARD = gnu11;
				GCC_DYNAMIC_NO_PIC = NO;
				GCC_NO_COMMON_BLOCKS = YES;
				GCC_OPTIMIZATION_LEVEL = 0;
				GCC_PREPROCESSOR_DEFINITIONS = (
					"DEBUG=1",
					"$(inherited)",
				);
				GCC_WARN_64_TO_32_BIT_CONVERSION = YES;
				GCC_WARN_ABOUT_RETURN_TYPE = YES_ERROR;
				GCC_WARN_UNDECLARED_SELECTOR = YES;
				GCC_WARN_UNINITIALIZED_AUTOS = YES_AGGRESSIVE;
				GCC_WARN_UNUSED_FUNCTION = YES;
				GCC_WARN_UNUSED_VARIABLE = YES;
				IPHONEOS_DEPLOYMENT_TARGET = 11.0;
				MTL_ENABLE_DEBUG_INFO = YES;
				ONLY_ACTIVE_ARCH = YES;
				SDKROOT = iphoneos;
				SWIFT_ACTIVE_COMPILATION_CONDITIONS = DEBUG;
				SWIFT_OPTIMIZATION_LEVEL = "-Onone";
			};
			name = Debug;
		};
		4C00DCE11F0754CB0087470C /* Release */ = {
			isa = XCBuildConfiguration;
			buildSettings = {
				ALWAYS_SEARCH_USER_PATHS = NO;
				CLANG_ANALYZER_NONNULL = YES;
				CLANG_ANALYZER_NUMBER_OBJECT_CONVERSION = YES_AGGRESSIVE;
				CLANG_CXX_LANGUAGE_STANDARD = "gnu++14";
				CLANG_CXX_LIBRARY = "libc++";
				CLANG_ENABLE_MODULES = YES;
				CLANG_ENABLE_OBJC_ARC = YES;
				CLANG_WARN_BLOCK_CAPTURE_AUTORELEASING = YES;
				CLANG_WARN_BOOL_CONVERSION = YES;
				CLANG_WARN_COMMA = YES;
				CLANG_WARN_CONSTANT_CONVERSION = YES;
				CLANG_WARN_DIRECT_OBJC_ISA_USAGE = YES_ERROR;
				CLANG_WARN_DOCUMENTATION_COMMENTS = YES;
				CLANG_WARN_EMPTY_BODY = YES;
				CLANG_WARN_ENUM_CONVERSION = YES;
				CLANG_WARN_INFINITE_RECURSION = YES;
				CLANG_WARN_INT_CONVERSION = YES;
				CLANG_WARN_OBJC_ROOT_CLASS = YES_ERROR;
				CLANG_WARN_RANGE_LOOP_ANALYSIS = YES;
				CLANG_WARN_STRICT_PROTOTYPES = YES;
				CLANG_WARN_SUSPICIOUS_MOVE = YES;
				CLANG_WARN_UNGUARDED_AVAILABILITY = YES_AGGRESSIVE;
				CLANG_WARN_UNREACHABLE_CODE = YES;
				CLANG_WARN__DUPLICATE_METHOD_MATCH = YES;
				CODE_SIGN_IDENTITY = "iPhone Developer";
				COPY_PHASE_STRIP = NO;
				DEBUG_INFORMATION_FORMAT = "dwarf-with-dsym";
				ENABLE_NS_ASSERTIONS = NO;
				ENABLE_STRICT_OBJC_MSGSEND = YES;
				GCC_C_LANGUAGE_STANDARD = gnu11;
				GCC_NO_COMMON_BLOCKS = YES;
				GCC_WARN_64_TO_32_BIT_CONVERSION = YES;
				GCC_WARN_ABOUT_RETURN_TYPE = YES_ERROR;
				GCC_WARN_UNDECLARED_SELECTOR = YES;
				GCC_WARN_UNINITIALIZED_AUTOS = YES_AGGRESSIVE;
				GCC_WARN_UNUSED_FUNCTION = YES;
				GCC_WARN_UNUSED_VARIABLE = YES;
				IPHONEOS_DEPLOYMENT_TARGET = 11.0;
				MTL_ENABLE_DEBUG_INFO = NO;
				SDKROOT = iphoneos;
				SWIFT_OPTIMIZATION_LEVEL = "-Owholemodule";
				VALIDATE_PRODUCT = YES;
			};
			name = Release;
		};
		4C00DCE31F0754CB0087470C /* Debug */ = {
			isa = XCBuildConfiguration;
			buildSettings = {
				ASSETCATALOG_COMPILER_APPICON_NAME = AppIcon;
				DEVELOPMENT_TEAM = 6QVEV6A2UY;
				INFOPLIST_FILE = MusicAR/Info.plist;
				LD_RUNPATH_SEARCH_PATHS = "$(inherited) @executable_path/Frameworks";
				PRODUCT_BUNDLE_IDENTIFIER = com.mc2.MusicAR;
				PRODUCT_NAME = "$(TARGET_NAME)";
				SWIFT_VERSION = 4.0;
				TARGETED_DEVICE_FAMILY = "1,2";
			};
			name = Debug;
		};
		4C00DCE41F0754CB0087470C /* Release */ = {
			isa = XCBuildConfiguration;
			buildSettings = {
				ASSETCATALOG_COMPILER_APPICON_NAME = AppIcon;
				DEVELOPMENT_TEAM = 6QVEV6A2UY;
				INFOPLIST_FILE = MusicAR/Info.plist;
				LD_RUNPATH_SEARCH_PATHS = "$(inherited) @executable_path/Frameworks";
				PRODUCT_BUNDLE_IDENTIFIER = com.mc2.MusicAR;
				PRODUCT_NAME = "$(TARGET_NAME)";
				SWIFT_VERSION = 4.0;
				TARGETED_DEVICE_FAMILY = "1,2";
			};
			name = Release;
		};
		4C00DCE61F0754CB0087470C /* Debug */ = {
			isa = XCBuildConfiguration;
			buildSettings = {
				ALWAYS_EMBED_SWIFT_STANDARD_LIBRARIES = YES;
				BUNDLE_LOADER = "$(TEST_HOST)";
				DEVELOPMENT_TEAM = 6QVEV6A2UY;
				INFOPLIST_FILE = MusicARTests/Info.plist;
				LD_RUNPATH_SEARCH_PATHS = "$(inherited) @executable_path/Frameworks @loader_path/Frameworks";
				PRODUCT_BUNDLE_IDENTIFIER = com.mc2.MusicARTests;
				PRODUCT_NAME = "$(TARGET_NAME)";
				SWIFT_VERSION = 4.0;
				TARGETED_DEVICE_FAMILY = "1,2";
				TEST_HOST = "$(BUILT_PRODUCTS_DIR)/MusicAR.app/MusicAR";
			};
			name = Debug;
		};
		4C00DCE71F0754CB0087470C /* Release */ = {
			isa = XCBuildConfiguration;
			buildSettings = {
				ALWAYS_EMBED_SWIFT_STANDARD_LIBRARIES = YES;
				BUNDLE_LOADER = "$(TEST_HOST)";
				DEVELOPMENT_TEAM = 6QVEV6A2UY;
				INFOPLIST_FILE = MusicARTests/Info.plist;
				LD_RUNPATH_SEARCH_PATHS = "$(inherited) @executable_path/Frameworks @loader_path/Frameworks";
				PRODUCT_BUNDLE_IDENTIFIER = com.mc2.MusicARTests;
				PRODUCT_NAME = "$(TARGET_NAME)";
				SWIFT_VERSION = 4.0;
				TARGETED_DEVICE_FAMILY = "1,2";
				TEST_HOST = "$(BUILT_PRODUCTS_DIR)/MusicAR.app/MusicAR";
			};
			name = Release;
		};
		4C00DCE91F0754CB0087470C /* Debug */ = {
			isa = XCBuildConfiguration;
			buildSettings = {
				ALWAYS_EMBED_SWIFT_STANDARD_LIBRARIES = YES;
				DEVELOPMENT_TEAM = 6QVEV6A2UY;
				INFOPLIST_FILE = MusicARUITests/Info.plist;
				LD_RUNPATH_SEARCH_PATHS = "$(inherited) @executable_path/Frameworks @loader_path/Frameworks";
				PRODUCT_BUNDLE_IDENTIFIER = com.mc2.MusicARUITests;
				PRODUCT_NAME = "$(TARGET_NAME)";
				SWIFT_VERSION = 4.0;
				TARGETED_DEVICE_FAMILY = "1,2";
				TEST_TARGET_NAME = MusicAR;
			};
			name = Debug;
		};
		4C00DCEA1F0754CB0087470C /* Release */ = {
			isa = XCBuildConfiguration;
			buildSettings = {
				ALWAYS_EMBED_SWIFT_STANDARD_LIBRARIES = YES;
				DEVELOPMENT_TEAM = 6QVEV6A2UY;
				INFOPLIST_FILE = MusicARUITests/Info.plist;
				LD_RUNPATH_SEARCH_PATHS = "$(inherited) @executable_path/Frameworks @loader_path/Frameworks";
				PRODUCT_BUNDLE_IDENTIFIER = com.mc2.MusicARUITests;
				PRODUCT_NAME = "$(TARGET_NAME)";
				SWIFT_VERSION = 4.0;
				TARGETED_DEVICE_FAMILY = "1,2";
				TEST_TARGET_NAME = MusicAR;
			};
			name = Release;
		};
/* End XCBuildConfiguration section */

/* Begin XCConfigurationList section */
		4C00DCB31F0754CB0087470C /* Build configuration list for PBXProject "MusicAR" */ = {
			isa = XCConfigurationList;
			buildConfigurations = (
				4C00DCE01F0754CB0087470C /* Debug */,
				4C00DCE11F0754CB0087470C /* Release */,
			);
			defaultConfigurationIsVisible = 0;
			defaultConfigurationName = Release;
		};
		4C00DCE21F0754CB0087470C /* Build configuration list for PBXNativeTarget "MusicAR" */ = {
			isa = XCConfigurationList;
			buildConfigurations = (
				4C00DCE31F0754CB0087470C /* Debug */,
				4C00DCE41F0754CB0087470C /* Release */,
			);
			defaultConfigurationIsVisible = 0;
			defaultConfigurationName = Release;
		};
		4C00DCE51F0754CB0087470C /* Build configuration list for PBXNativeTarget "MusicARTests" */ = {
			isa = XCConfigurationList;
			buildConfigurations = (
				4C00DCE61F0754CB0087470C /* Debug */,
				4C00DCE71F0754CB0087470C /* Release */,
			);
			defaultConfigurationIsVisible = 0;
			defaultConfigurationName = Release;
		};
		4C00DCE81F0754CB0087470C /* Build configuration list for PBXNativeTarget "MusicARUITests" */ = {
			isa = XCConfigurationList;
			buildConfigurations = (
				4C00DCE91F0754CB0087470C /* Debug */,
				4C00DCEA1F0754CB0087470C /* Release */,
			);
			defaultConfigurationIsVisible = 0;
			defaultConfigurationName = Release;
		};
/* End XCConfigurationList section */
	};
	rootObject = 4C00DCB01F0754CB0087470C /* Project object */;
}
